
Microsoft Visual Studio Solution File, Format Version 12.00
# Visual Studio 15
VisualStudioVersion = 15.0.27703.2042
MinimumVisualStudioVersion = 10.0.40219.1
Project("{FAE04EC0-301F-11D3-BF4B-00C04F79EFBC}") = "TemplateMethod", "TemplateMethod\TemplateMethod.csproj", "{F4D3B173-F5CD-485F-ACFB-85E4CF57651F}"
EndProject
Global
	GlobalSection(SolutionConfigurationPlatforms) = preSolution
		Debug|Any CPU = Debug|Any CPU
		Release|Any CPU = Release|Any CPU
	EndGlobalSection
	GlobalSection(ProjectConfigurationPlatforms) = postSolution
		{F4D3B173-F5CD-485F-ACFB-85E4CF57651F}.Debug|Any CPU.ActiveCfg = Debug|Any CPU
		{F4D3B173-F5CD-485F-ACFB-85E4CF57651F}.Debug|Any CPU.Build.0 = Debug|Any CPU
		{F4D3B173-F5CD-485F-ACFB-85E4CF57651F}.Release|Any CPU.ActiveCfg = Release|Any CPU
		{F4D3B173-F5CD-485F-ACFB-85E4CF57651F}.Release|Any CPU.Build.0 = Release|Any CPU
	EndGlobalSection
	GlobalSection(SolutionProperties) = preSolution
		HideSolutionNode = FALSE
	EndGlobalSection
	GlobalSection(ExtensibilityGlobals) = postSolution
		SolutionGuid = {FE167C5D-DFF0-4AF9-AB6D-2A5F101173DB}
	EndGlobalSection
EndGlobal
